
Microsoft Visual Studio Solution File, Format Version 12.00
# Visual Studio Version 17
VisualStudioVersion = 17.9.34622.214
MinimumVisualStudioVersion = 10.0.40219.1
Project("{FAE04EC0-301F-11D3-BF4B-00C04F79EFBC}") = "Inflow.Mobile.Android", "Inflow.Mobile\Inflow.Mobile.Android\Inflow.Mobile.Android.csproj", "{3AA93E20-B5EA-4C33-A005-2B3DD522CC23}"
EndProject
Project("{FAE04EC0-301F-11D3-BF4B-00C04F79EFBC}") = "Inflow.Mobile.iOS", "Inflow.Mobile\Inflow.Mobile.iOS\Inflow.Mobile.iOS.csproj", "{142FD0B0-D286-4958-ABC8-5BE1BE50FB74}"
EndProject
Project("{9A19103F-16F7-4668-BE54-9A1E7A4F7556}") = "Inflow.Mobile", "Inflow.Mobile\Inflow.Mobile\Inflow.Mobile.csproj", "{0889E585-3254-4FDB-8DF8-BBF8C0F11CF9}"
EndProject
Project("{2150E333-8FDC-42A3-9474-1A3956D46DE8}") = "Solution Items", "Solution Items", "{C58D6A4F-616D-4B03-B568-20CC550CB169}"
	ProjectSection(SolutionItems) = preProject
		.editorconfig = .editorconfig
	EndProjectSection
EndProject
Global
	GlobalSection(SolutionConfigurationPlatforms) = preSolution
		Debug|Any CPU = Debug|Any CPU
		Debug|iPhone = Debug|iPhone
		Debug|iPhoneSimulator = Debug|iPhoneSimulator
		Release|Any CPU = Release|Any CPU
		Release|iPhone = Release|iPhone
		Release|iPhoneSimulator = Release|iPhoneSimulator
	EndGlobalSection
	GlobalSection(ProjectConfigurationPlatforms) = postSolution
		{3AA93E20-B5EA-4C33-A005-2B3DD522CC23}.Debug|Any CPU.ActiveCfg = Debug|Any CPU
		{3AA93E20-B5EA-4C33-A005-2B3DD522CC23}.Debug|Any CPU.Build.0 = Debug|Any CPU
		{3AA93E20-B5EA-4C33-A005-2B3DD522CC23}.Debug|Any CPU.Deploy.0 = Debug|Any CPU
		{3AA93E20-B5EA-4C33-A005-2B3DD522CC23}.Debug|iPhone.ActiveCfg = Debug|Any CPU
		{3AA93E20-B5EA-4C33-A005-2B3DD522CC23}.Debug|iPhone.Build.0 = Debug|Any CPU
		{3AA93E20-B5EA-4C33-A005-2B3DD522CC23}.Debug|iPhone.Deploy.0 = Debug|Any CPU
		{3AA93E20-B5EA-4C33-A005-2B3DD522CC23}.Debug|iPhoneSimulator.ActiveCfg = Debug|Any CPU
		{3AA93E20-B5EA-4C33-A005-2B3DD522CC23}.Debug|iPhoneSimulator.Build.0 = Debug|Any CPU
		{3AA93E20-B5EA-4C33-A005-2B3DD522CC23}.Debug|iPhoneSimulator.Deploy.0 = Debug|Any CPU
		{3AA93E20-B5EA-4C33-A005-2B3DD522CC23}.Release|Any CPU.ActiveCfg = Release|Any CPU
		{3AA93E20-B5EA-4C33-A005-2B3DD522CC23}.Release|Any CPU.Build.0 = Release|Any CPU
		{3AA93E20-B5EA-4C33-A005-2B3DD522CC23}.Release|Any CPU.Deploy.0 = Release|Any CPU
		{3AA93E20-B5EA-4C33-A005-2B3DD522CC23}.Release|iPhone.ActiveCfg = Release|Any CPU
		{3AA93E20-B5EA-4C33-A005-2B3DD522CC23}.Release|iPhone.Build.0 = Release|Any CPU
		{3AA93E20-B5EA-4C33-A005-2B3DD522CC23}.Release|iPhone.Deploy.0 = Release|Any CPU
		{3AA93E20-B5EA-4C33-A005-2B3DD522CC23}.Release|iPhoneSimulator.ActiveCfg = Release|Any CPU
		{3AA93E20-B5EA-4C33-A005-2B3DD522CC23}.Release|iPhoneSimulator.Build.0 = Release|Any CPU
		{3AA93E20-B5EA-4C33-A005-2B3DD522CC23}.Release|iPhoneSimulator.Deploy.0 = Release|Any CPU
		{142FD0B0-D286-4958-ABC8-5BE1BE50FB74}.Debug|Any CPU.ActiveCfg = Debug|iPhone
		{142FD0B0-D286-4958-ABC8-5BE1BE50FB74}.Debug|Any CPU.Build.0 = Debug|iPhone
		{142FD0B0-D286-4958-ABC8-5BE1BE50FB74}.Debug|Any CPU.Deploy.0 = Debug|iPhone
		{142FD0B0-D286-4958-ABC8-5BE1BE50FB74}.Debug|iPhone.ActiveCfg = Debug|iPhone
		{142FD0B0-D286-4958-ABC8-5BE1BE50FB74}.Debug|iPhone.Build.0 = Debug|iPhone
		{142FD0B0-D286-4958-ABC8-5BE1BE50FB74}.Debug|iPhone.Deploy.0 = Debug|iPhone
		{142FD0B0-D286-4958-ABC8-5BE1BE50FB74}.Debug|iPhoneSimulator.ActiveCfg = Debug|iPhoneSimulator
		{142FD0B0-D286-4958-ABC8-5BE1BE50FB74}.Debug|iPhoneSimulator.Build.0 = Debug|iPhoneSimulator
		{142FD0B0-D286-4958-ABC8-5BE1BE50FB74}.Debug|iPhoneSimulator.Deploy.0 = Debug|iPhoneSimulator
		{142FD0B0-D286-4958-ABC8-5BE1BE50FB74}.Release|Any CPU.ActiveCfg = Release|iPhoneSimulator
		{142FD0B0-D286-4958-ABC8-5BE1BE50FB74}.Release|Any CPU.Build.0 = Release|iPhoneSimulator
		{142FD0B0-D286-4958-ABC8-5BE1BE50FB74}.Release|Any CPU.Deploy.0 = Release|iPhoneSimulator
		{142FD0B0-D286-4958-ABC8-5BE1BE50FB74}.Release|iPhone.ActiveCfg = Release|iPhone
		{142FD0B0-D286-4958-ABC8-5BE1BE50FB74}.Release|iPhone.Build.0 = Release|iPhone
		{142FD0B0-D286-4958-ABC8-5BE1BE50FB74}.Release|iPhone.Deploy.0 = Release|iPhone
		{142FD0B0-D286-4958-ABC8-5BE1BE50FB74}.Release|iPhoneSimulator.ActiveCfg = Release|iPhoneSimulator
		{142FD0B0-D286-4958-ABC8-5BE1BE50FB74}.Release|iPhoneSimulator.Build.0 = Release|iPhoneSimulator
		{142FD0B0-D286-4958-ABC8-5BE1BE50FB74}.Release|iPhoneSimulator.Deploy.0 = Release|iPhoneSimulator
		{0889E585-3254-4FDB-8DF8-BBF8C0F11CF9}.Debug|Any CPU.ActiveCfg = Debug|Any CPU
		{0889E585-3254-4FDB-8DF8-BBF8C0F11CF9}.Debug|Any CPU.Build.0 = Debug|Any CPU
		{0889E585-3254-4FDB-8DF8-BBF8C0F11CF9}.Debug|Any CPU.Deploy.0 = Debug|Any CPU
		{0889E585-3254-4FDB-8DF8-BBF8C0F11CF9}.Debug|iPhone.ActiveCfg = Debug|Any CPU
		{0889E585-3254-4FDB-8DF8-BBF8C0F11CF9}.Debug|iPhone.Build.0 = Debug|Any CPU
		{0889E585-3254-4FDB-8DF8-BBF8C0F11CF9}.Debug|iPhone.Deploy.0 = Debug|Any CPU
		{0889E585-3254-4FDB-8DF8-BBF8C0F11CF9}.Debug|iPhoneSimulator.ActiveCfg = Debug|Any CPU
		{0889E585-3254-4FDB-8DF8-BBF8C0F11CF9}.Debug|iPhoneSimulator.Build.0 = Debug|Any CPU
		{0889E585-3254-4FDB-8DF8-BBF8C0F11CF9}.Debug|iPhoneSimulator.Deploy.0 = Debug|Any CPU
		{0889E585-3254-4FDB-8DF8-BBF8C0F11CF9}.Release|Any CPU.ActiveCfg = Release|Any CPU
		{0889E585-3254-4FDB-8DF8-BBF8C0F11CF9}.Release|Any CPU.Build.0 = Release|Any CPU
		{0889E585-3254-4FDB-8DF8-BBF8C0F11CF9}.Release|Any CPU.Deploy.0 = Release|Any CPU
		{0889E585-3254-4FDB-8DF8-BBF8C0F11CF9}.Release|iPhone.ActiveCfg = Release|Any CPU
		{0889E585-3254-4FDB-8DF8-BBF8C0F11CF9}.Release|iPhone.Build.0 = Release|Any CPU
		{0889E585-3254-4FDB-8DF8-BBF8C0F11CF9}.Release|iPhone.Deploy.0 = Release|Any CPU
		{0889E585-3254-4FDB-8DF8-BBF8C0F11CF9}.Release|iPhoneSimulator.ActiveCfg = Release|Any CPU
		{0889E585-3254-4FDB-8DF8-BBF8C0F11CF9}.Release|iPhoneSimulator.Build.0 = Release|Any CPU
		{0889E585-3254-4FDB-8DF8-BBF8C0F11CF9}.Release|iPhoneSimulator.Deploy.0 = Release|Any CPU
	EndGlobalSection
	GlobalSection(SolutionProperties) = preSolution
		HideSolutionNode = FALSE
	EndGlobalSection
	GlobalSection(ExtensibilityGlobals) = postSolution
		SolutionGuid = {DC03E454-F2CD-449F-9B62-3DB83A5522DF}
	EndGlobalSection
EndGlobal
